// !$*UTF8*$!
{
	archiveVersion = 1;
	classes = {
	};
	objectVersion = 47;
	objects = {

/* Begin PBXBuildFile section */
		1D3623EC0D0F72F000981E51 /* CoreGraphics.framework in Frameworks */ = {isa = PBXBuildFile; fileRef = 1D3623EB0D0F72F000981E51 /* CoreGraphics.framework */; };
		1D60589F0D05DD5A006BFB54 /* Foundation.framework in Frameworks */ = {isa = PBXBuildFile; fileRef = 1D30AB110D05D00D00671497 /* Foundation.framework */; };
		1DF5F4E00D08C38300B7A737 /* UIKit.framework in Frameworks */ = {isa = PBXBuildFile; fileRef = 1DF5F4DF0D08C38300B7A737 /* UIKit.framework */; };
		9C02B8271CF7B39400B01905 /* EventListenerDelegate.cpp in Sources */ = {isa = PBXBuildFile; fileRef = 9C02B8211CF7B39400B01905 /* EventListenerDelegate.cpp */; };
		9C02B8281CF7B39400B01905 /* EventQueue.cpp in Sources */ = {isa = PBXBuildFile; fileRef = 9C02B8231CF7B39400B01905 /* EventQueue.cpp */; };
		9C1808601CF70C2B00C19900 /* libSDL2.a in Frameworks */ = {isa = PBXBuildFile; fileRef = 9C75CCA61CF34BC500114CA9 /* libSDL2.a */; };
		9C1808611CF70C5700C19900 /* libSDL2_image.a in Frameworks */ = {isa = PBXBuildFile; fileRef = 9C75CCAF1CF5028900114CA9 /* libSDL2_image.a */; };
		9C2BE2FC1D04703000532AA8 /* RandomDistribution.cpp in Sources */ = {isa = PBXBuildFile; fileRef = 9C2BE2FA1D04703000532AA8 /* RandomDistribution.cpp */; };
		9C2BE3001D0622BC00532AA8 /* ColumnsGameController.cpp in Sources */ = {isa = PBXBuildFile; fileRef = 9C2BE2FE1D0622BC00532AA8 /* ColumnsGameController.cpp */; };
		9C2BE3031D06230F00532AA8 /* ColumnsGameStates.cpp in Sources */ = {isa = PBXBuildFile; fileRef = 9C2BE3011D06230F00532AA8 /* ColumnsGameStates.cpp */; };
		9C47A2DB1CF50A7700885640 /* Sprites in Resources */ = {isa = PBXBuildFile; fileRef = 9C47A2DA1CF50A7700885640 /* Sprites */; };
		9C47A2F01CF6DA9800885640 /* BoardTests.cpp in Sources */ = {isa = PBXBuildFile; fileRef = 9C47A2EF1CF6DA9800885640 /* BoardTests.cpp */; };
		9C47A2FB1CF6DC0100885640 /* main.cpp in Sources */ = {isa = PBXBuildFile; fileRef = 9C47A2FA1CF6DC0100885640 /* main.cpp */; };
		9C68FB161CF744150058369A /* ColumnsBoard.cpp in Sources */ = {isa = PBXBuildFile; fileRef = 9C68FB121CF744150058369A /* ColumnsBoard.cpp */; };
		9C68FB191CF744680058369A /* ColumnsBoardView.cpp in Sources */ = {isa = PBXBuildFile; fileRef = 9C68FB171CF744680058369A /* ColumnsBoardView.cpp */; };
		9C68FB1C1CF7A3B40058369A /* App.cpp in Sources */ = {isa = PBXBuildFile; fileRef = 9C68FB1A1CF7A3B40058369A /* App.cpp */; };
		9C75CCAC1CF4BDF300114CA9 /* MainStoryboard.storyboard in Resources */ = {isa = PBXBuildFile; fileRef = 9C75CCAB1CF4BDF300114CA9 /* MainStoryboard.storyboard */; };
		9C75CCB21CF5033F00114CA9 /* ImageIO.framework in Frameworks */ = {isa = PBXBuildFile; fileRef = 9C75CCB11CF5033F00114CA9 /* ImageIO.framework */; };
		9C75CCB41CF5039B00114CA9 /* MobileCoreServices.framework in Frameworks */ = {isa = PBXBuildFile; fileRef = 9C75CCB31CF5039B00114CA9 /* MobileCoreServices.framework */; };
		9C75CCBB1CF5080A00114CA9 /* helpers.mm in Sources */ = {isa = PBXBuildFile; fileRef = 9C75CCBA1CF5080A00114CA9 /* helpers.mm */; };
		9C8A397F1CF7B63B00C2E236 /* Graphics.cpp in Sources */ = {isa = PBXBuildFile; fileRef = 9C8A39791CF7B63B00C2E236 /* Graphics.cpp */; };
		9C8A39801CF7B63B00C2E236 /* Renderer.cpp in Sources */ = {isa = PBXBuildFile; fileRef = 9C8A397B1CF7B63B00C2E236 /* Renderer.cpp */; };
		9C8A39811CF7B63B00C2E236 /* Texture2d.cpp in Sources */ = {isa = PBXBuildFile; fileRef = 9C8A397D1CF7B63B00C2E236 /* Texture2d.cpp */; };
		9C8A39851CF7B64F00C2E236 /* EventsManager.cpp in Sources */ = {isa = PBXBuildFile; fileRef = 9C8A39831CF7B64F00C2E236 /* EventsManager.cpp */; };
		9C8A39881CF7B76A00C2E236 /* guids.txt in Resources */ = {isa = PBXBuildFile; fileRef = 9C8A39871CF7B76A00C2E236 /* guids.txt */; };
		9C8A398A1CF7BC6600C2E236 /* AppEvents.cpp in Sources */ = {isa = PBXBuildFile; fileRef = 9C8A39891CF7B7EC00C2E236 /* AppEvents.cpp */; };
		9C8A398C1CF8833D00C2E236 /* ColumnsBoardTest.cpp in Sources */ = {isa = PBXBuildFile; fileRef = 9C8A398B1CF8833D00C2E236 /* ColumnsBoardTest.cpp */; };
		9C8A39931CF88A5D00C2E236 /* GenericBoard.cpp in Sources */ = {isa = PBXBuildFile; fileRef = 9C68FB101CF744150058369A /* GenericBoard.cpp */; };
		9C8A39941CF88A6600C2E236 /* ColumnsBoard.cpp in Sources */ = {isa = PBXBuildFile; fileRef = 9C68FB121CF744150058369A /* ColumnsBoard.cpp */; };
		9C8A39951CFC528E00C2E236 /* GenericBoard.cpp in Sources */ = {isa = PBXBuildFile; fileRef = 9C68FB101CF744150058369A /* GenericBoard.cpp */; };
		9C8FD4911CFE0F3B00293A51 /* ResourceManager.cpp in Sources */ = {isa = PBXBuildFile; fileRef = 9C8FD48F1CFE0F3B00293A51 /* ResourceManager.cpp */; };
		9C8FD49F1CFF389200293A51 /* FSMTests.cpp in Sources */ = {isa = PBXBuildFile; fileRef = 9C8FD49E1CFF389200293A51 /* FSMTests.cpp */; };
		FA8B4BA31967070A00F8EB7C /* CoreMotion.framework in Frameworks */ = {isa = PBXBuildFile; fileRef = FA8B4BA21967070A00F8EB7C /* CoreMotion.framework */; };
		FAE0E96A1BAF96A00098DFA4 /* GameController.framework in Frameworks */ = {isa = PBXBuildFile; fileRef = FAE0E9691BAF96A00098DFA4 /* GameController.framework */; };
		FD77A0160E26BC0500F39101 /* main.cpp in Sources */ = {isa = PBXBuildFile; fileRef = FD77A00A0E26BC0500F39101 /* main.cpp */; };
		FD787AA20E22A5CC003E8E36 /* Default.png in Resources */ = {isa = PBXBuildFile; fileRef = FD787AA00E22A5CC003E8E36 /* Default.png */; };
		FD925B1B0E0F276600E92347 /* Icon.png in Resources */ = {isa = PBXBuildFile; fileRef = FD925B180E0F276600E92347 /* Icon.png */; };
		FDB96ED40DEFC9C700FAF19F /* OpenGLES.framework in Frameworks */ = {isa = PBXBuildFile; fileRef = FDB96ED30DEFC9C700FAF19F /* OpenGLES.framework */; };
		FDB96EE00DEFC9DC00FAF19F /* QuartzCore.framework in Frameworks */ = {isa = PBXBuildFile; fileRef = FDB96EDF0DEFC9DC00FAF19F /* QuartzCore.framework */; };
		FDF0D7AB0E12D53800247964 /* CoreAudio.framework in Frameworks */ = {isa = PBXBuildFile; fileRef = FDF0D71D0E12D2AB00247964 /* CoreAudio.framework */; };
		FDF0D7AC0E12D53800247964 /* AudioToolbox.framework in Frameworks */ = {isa = PBXBuildFile; fileRef = FDF0D7220E12D31800247964 /* AudioToolbox.framework */; };
/* End PBXBuildFile section */

/* Begin PBXCopyFilesBuildPhase section */
		9C47A2EB1CF6DA9800885640 /* CopyFiles */ = {
			isa = PBXCopyFilesBuildPhase;
			buildActionMask = 2147483647;
			dstPath = /usr/share/man/man1/;
			dstSubfolderSpec = 0;
			files = (
			);
			runOnlyForDeploymentPostprocessing = 1;
		};
/* End PBXCopyFilesBuildPhase section */

/* Begin PBXFileReference section */
		1D30AB110D05D00D00671497 /* Foundation.framework */ = {isa = PBXFileReference; lastKnownFileType = wrapper.framework; name = Foundation.framework; path = System/Library/Frameworks/Foundation.framework; sourceTree = SDKROOT; };
		1D3623EB0D0F72F000981E51 /* CoreGraphics.framework */ = {isa = PBXFileReference; lastKnownFileType = wrapper.framework; name = CoreGraphics.framework; path = System/Library/Frameworks/CoreGraphics.framework; sourceTree = SDKROOT; };
		1D6058910D05DD3D006BFB54 /* Columns.app */ = {isa = PBXFileReference; explicitFileType = wrapper.application; includeInIndex = 0; path = Columns.app; sourceTree = BUILT_PRODUCTS_DIR; };
		1DF5F4DF0D08C38300B7A737 /* UIKit.framework */ = {isa = PBXFileReference; lastKnownFileType = wrapper.framework; name = UIKit.framework; path = System/Library/Frameworks/UIKit.framework; sourceTree = SDKROOT; };
		8D1107310486CEB800E47090 /* Info.plist */ = {isa = PBXFileReference; fileEncoding = 4; lastKnownFileType = text.plist.xml; path = Info.plist; sourceTree = "<group>"; };
		9C02B8211CF7B39400B01905 /* EventListenerDelegate.cpp */ = {isa = PBXFileReference; fileEncoding = 4; lastKnownFileType = sourcecode.cpp.cpp; path = EventListenerDelegate.cpp; sourceTree = "<group>"; };
		9C02B8221CF7B39400B01905 /* EventListenerDelegate.hpp */ = {isa = PBXFileReference; fileEncoding = 4; lastKnownFileType = sourcecode.cpp.h; path = EventListenerDelegate.hpp; sourceTree = "<group>"; };
		9C02B8231CF7B39400B01905 /* EventQueue.cpp */ = {isa = PBXFileReference; fileEncoding = 4; lastKnownFileType = sourcecode.cpp.cpp; path = EventQueue.cpp; sourceTree = "<group>"; };
		9C02B8241CF7B39400B01905 /* EventQueue.hpp */ = {isa = PBXFileReference; fileEncoding = 4; lastKnownFileType = sourcecode.cpp.h; path = EventQueue.hpp; sourceTree = "<group>"; };
		9C02B8251CF7B39400B01905 /* EventQueueTypes.hpp */ = {isa = PBXFileReference; fileEncoding = 4; lastKnownFileType = sourcecode.cpp.h; path = EventQueueTypes.hpp; sourceTree = "<group>"; };
		9C02B8261CF7B39400B01905 /* IEventData.hpp */ = {isa = PBXFileReference; fileEncoding = 4; lastKnownFileType = sourcecode.cpp.h; path = IEventData.hpp; sourceTree = "<group>"; };
		9C0EDA521D018B51007BC4C7 /* PlayerBlock.hpp */ = {isa = PBXFileReference; lastKnownFileType = sourcecode.cpp.h; path = PlayerBlock.hpp; sourceTree = "<group>"; };
		9C18085C1CF70B9900C19900 /* libSDL2.a */ = {isa = PBXFileReference; lastKnownFileType = archive.ar; name = libSDL2.a; path = libs/SDL/simulator/libSDL2.a; sourceTree = "<group>"; };
		9C18085D1CF70B9900C19900 /* libSDL2_image.a */ = {isa = PBXFileReference; lastKnownFileType = archive.ar; name = libSDL2_image.a; path = libs/SDL_Image/simulator/libSDL2_image.a; sourceTree = "<group>"; };
		9C2BE2FA1D04703000532AA8 /* RandomDistribution.cpp */ = {isa = PBXFileReference; fileEncoding = 4; lastKnownFileType = sourcecode.cpp.cpp; path = RandomDistribution.cpp; sourceTree = "<group>"; };
		9C2BE2FB1D04703000532AA8 /* RandomDistribution.hpp */ = {isa = PBXFileReference; fileEncoding = 4; lastKnownFileType = sourcecode.cpp.h; path = RandomDistribution.hpp; sourceTree = "<group>"; };
		9C2BE2FE1D0622BC00532AA8 /* ColumnsGameController.cpp */ = {isa = PBXFileReference; fileEncoding = 4; lastKnownFileType = sourcecode.cpp.cpp; path = ColumnsGameController.cpp; sourceTree = "<group>"; };
		9C2BE2FF1D0622BC00532AA8 /* ColumnsGameController.hpp */ = {isa = PBXFileReference; fileEncoding = 4; lastKnownFileType = sourcecode.cpp.h; path = ColumnsGameController.hpp; sourceTree = "<group>"; };
		9C2BE3011D06230F00532AA8 /* ColumnsGameStates.cpp */ = {isa = PBXFileReference; fileEncoding = 4; lastKnownFileType = sourcecode.cpp.cpp; path = ColumnsGameStates.cpp; sourceTree = "<group>"; };
		9C2BE3021D06230F00532AA8 /* ColumnsGameStates.hpp */ = {isa = PBXFileReference; fileEncoding = 4; lastKnownFileType = sourcecode.cpp.h; path = ColumnsGameStates.hpp; sourceTree = "<group>"; };
		9C2BE3041D06258E00532AA8 /* ColumnsGameFSMDefinitions.hpp */ = {isa = PBXFileReference; lastKnownFileType = sourcecode.cpp.h; path = ColumnsGameFSMDefinitions.hpp; sourceTree = "<group>"; };
		9C47A2DA1CF50A7700885640 /* Sprites */ = {isa = PBXFileReference; lastKnownFileType = folder; path = Sprites; sourceTree = "<group>"; };
		9C47A2E31CF5A3A300885640 /* DataTypes.hpp */ = {isa = PBXFileReference; fileEncoding = 4; lastKnownFileType = sourcecode.cpp.h; path = DataTypes.hpp; sourceTree = "<group>"; };
		9C47A2ED1CF6DA9800885640 /* columns.tests */ = {isa = PBXFileReference; explicitFileType = "compiled.mach-o.executable"; includeInIndex = 0; path = columns.tests; sourceTree = BUILT_PRODUCTS_DIR; };
		9C47A2EF1CF6DA9800885640 /* BoardTests.cpp */ = {isa = PBXFileReference; lastKnownFileType = sourcecode.cpp.cpp; path = BoardTests.cpp; sourceTree = "<group>"; };
		9C47A2F71CF6DB7800885640 /* catch.hpp */ = {isa = PBXFileReference; lastKnownFileType = sourcecode.cpp.h; path = catch.hpp; sourceTree = "<group>"; };
		9C47A2FA1CF6DC0100885640 /* main.cpp */ = {isa = PBXFileReference; fileEncoding = 4; lastKnownFileType = sourcecode.cpp.cpp; path = main.cpp; sourceTree = "<group>"; };
		9C68FB101CF744150058369A /* GenericBoard.cpp */ = {isa = PBXFileReference; fileEncoding = 4; lastKnownFileType = sourcecode.cpp.cpp; path = GenericBoard.cpp; sourceTree = "<group>"; };
		9C68FB111CF744150058369A /* GenericBoard.hpp */ = {isa = PBXFileReference; fileEncoding = 4; lastKnownFileType = sourcecode.cpp.h; path = GenericBoard.hpp; sourceTree = "<group>"; };
		9C68FB121CF744150058369A /* ColumnsBoard.cpp */ = {isa = PBXFileReference; fileEncoding = 4; lastKnownFileType = sourcecode.cpp.cpp; path = ColumnsBoard.cpp; sourceTree = "<group>"; };
		9C68FB131CF744150058369A /* ColumnsBoard.hpp */ = {isa = PBXFileReference; fileEncoding = 4; lastKnownFileType = sourcecode.cpp.h; path = ColumnsBoard.hpp; sourceTree = "<group>"; };
		9C68FB171CF744680058369A /* ColumnsBoardView.cpp */ = {isa = PBXFileReference; fileEncoding = 4; lastKnownFileType = sourcecode.cpp.cpp; path = ColumnsBoardView.cpp; sourceTree = "<group>"; };
		9C68FB181CF744680058369A /* ColumnsBoardView.hpp */ = {isa = PBXFileReference; fileEncoding = 4; lastKnownFileType = sourcecode.cpp.h; path = ColumnsBoardView.hpp; sourceTree = "<group>"; };
		9C68FB1A1CF7A3B40058369A /* App.cpp */ = {isa = PBXFileReference; fileEncoding = 4; lastKnownFileType = sourcecode.cpp.cpp; path = App.cpp; sourceTree = "<group>"; };
		9C68FB1B1CF7A3B40058369A /* App.hpp */ = {isa = PBXFileReference; fileEncoding = 4; lastKnownFileType = sourcecode.cpp.h; path = App.hpp; sourceTree = "<group>"; };
		9C75CCA61CF34BC500114CA9 /* libSDL2.a */ = {isa = PBXFileReference; lastKnownFileType = archive.ar; name = libSDL2.a; path = libs/SDL/libSDL2.a; sourceTree = "<group>"; };
		9C75CCAB1CF4BDF300114CA9 /* MainStoryboard.storyboard */ = {isa = PBXFileReference; fileEncoding = 4; lastKnownFileType = file.storyboard; path = MainStoryboard.storyboard; sourceTree = "<group>"; };
		9C75CCAF1CF5028900114CA9 /* libSDL2_image.a */ = {isa = PBXFileReference; lastKnownFileType = archive.ar; name = libSDL2_image.a; path = libs/SDL_Image/libSDL2_image.a; sourceTree = "<group>"; };
		9C75CCB11CF5033F00114CA9 /* ImageIO.framework */ = {isa = PBXFileReference; lastKnownFileType = wrapper.framework; name = ImageIO.framework; path = System/Library/Frameworks/ImageIO.framework; sourceTree = SDKROOT; };
		9C75CCB31CF5039B00114CA9 /* MobileCoreServices.framework */ = {isa = PBXFileReference; lastKnownFileType = wrapper.framework; name = MobileCoreServices.framework; path = System/Library/Frameworks/MobileCoreServices.framework; sourceTree = SDKROOT; };
		9C75CCB91CF5080A00114CA9 /* helpers.h */ = {isa = PBXFileReference; fileEncoding = 4; lastKnownFileType = sourcecode.c.h; path = helpers.h; sourceTree = "<group>"; };
		9C75CCBA1CF5080A00114CA9 /* helpers.mm */ = {isa = PBXFileReference; fileEncoding = 4; lastKnownFileType = sourcecode.cpp.objcpp; path = helpers.mm; sourceTree = "<group>"; };
		9C8A39791CF7B63B00C2E236 /* Graphics.cpp */ = {isa = PBXFileReference; fileEncoding = 4; lastKnownFileType = sourcecode.cpp.cpp; path = Graphics.cpp; sourceTree = "<group>"; };
		9C8A397A1CF7B63B00C2E236 /* Graphics.hpp */ = {isa = PBXFileReference; fileEncoding = 4; lastKnownFileType = sourcecode.cpp.h; path = Graphics.hpp; sourceTree = "<group>"; };
		9C8A397B1CF7B63B00C2E236 /* Renderer.cpp */ = {isa = PBXFileReference; fileEncoding = 4; lastKnownFileType = sourcecode.cpp.cpp; path = Renderer.cpp; sourceTree = "<group>"; };
		9C8A397C1CF7B63B00C2E236 /* Renderer.hpp */ = {isa = PBXFileReference; fileEncoding = 4; lastKnownFileType = sourcecode.cpp.h; path = Renderer.hpp; sourceTree = "<group>"; };
		9C8A397D1CF7B63B00C2E236 /* Texture2d.cpp */ = {isa = PBXFileReference; fileEncoding = 4; lastKnownFileType = sourcecode.cpp.cpp; path = Texture2d.cpp; sourceTree = "<group>"; };
		9C8A397E1CF7B63B00C2E236 /* Texture2d.hpp */ = {isa = PBXFileReference; fileEncoding = 4; lastKnownFileType = sourcecode.cpp.h; path = Texture2d.hpp; sourceTree = "<group>"; };
		9C8A39831CF7B64F00C2E236 /* EventsManager.cpp */ = {isa = PBXFileReference; fileEncoding = 4; lastKnownFileType = sourcecode.cpp.cpp; path = EventsManager.cpp; sourceTree = "<group>"; };
		9C8A39841CF7B64F00C2E236 /* EventsManager.hpp */ = {isa = PBXFileReference; fileEncoding = 4; lastKnownFileType = sourcecode.cpp.h; path = EventsManager.hpp; sourceTree = "<group>"; };
		9C8A39861CF7B66F00C2E236 /* AppEvents.hpp */ = {isa = PBXFileReference; lastKnownFileType = sourcecode.cpp.h; path = AppEvents.hpp; sourceTree = "<group>"; };
		9C8A39871CF7B76A00C2E236 /* guids.txt */ = {isa = PBXFileReference; fileEncoding = 4; lastKnownFileType = text; path = guids.txt; sourceTree = "<group>"; };
		9C8A39891CF7B7EC00C2E236 /* AppEvents.cpp */ = {isa = PBXFileReference; lastKnownFileType = sourcecode.cpp.cpp; path = AppEvents.cpp; sourceTree = "<group>"; };
		9C8A398B1CF8833D00C2E236 /* ColumnsBoardTest.cpp */ = {isa = PBXFileReference; fileEncoding = 4; lastKnownFileType = sourcecode.cpp.cpp; path = ColumnsBoardTest.cpp; sourceTree = "<group>"; };
		9C8FD4891CFCF19F00293A51 /* crc32.hpp */ = {isa = PBXFileReference; fileEncoding = 4; lastKnownFileType = sourcecode.cpp.h; path = crc32.hpp; sourceTree = "<group>"; };
		9C8FD48D1CFE06B100293A51 /* Resource.hpp */ = {isa = PBXFileReference; fileEncoding = 4; lastKnownFileType = sourcecode.cpp.h; path = Resource.hpp; sourceTree = "<group>"; };
		9C8FD48F1CFE0F3B00293A51 /* ResourceManager.cpp */ = {isa = PBXFileReference; fileEncoding = 4; lastKnownFileType = sourcecode.cpp.cpp; path = ResourceManager.cpp; sourceTree = "<group>"; };
		9C8FD4901CFE0F3B00293A51 /* ResourceManager.hpp */ = {isa = PBXFileReference; fileEncoding = 4; lastKnownFileType = sourcecode.cpp.h; path = ResourceManager.hpp; sourceTree = "<group>"; };
		9C8FD4931CFE212100293A51 /* ResourceId.hpp */ = {isa = PBXFileReference; fileEncoding = 4; lastKnownFileType = sourcecode.cpp.h; path = ResourceId.hpp; sourceTree = "<group>"; };
		9C8FD4981CFE38E800293A51 /* SDLResourceLoaders.hpp */ = {isa = PBXFileReference; fileEncoding = 4; lastKnownFileType = sourcecode.cpp.h; path = SDLResourceLoaders.hpp; sourceTree = "<group>"; };
		9C8FD49B1CFE436300293A51 /* ResourceLoaderInterfaces.hpp */ = {isa = PBXFileReference; lastKnownFileType = sourcecode.cpp.h; name = ResourceLoaderInterfaces.hpp; path = ../ResourceLoaderInterfaces.hpp; sourceTree = "<group>"; };
		9C8FD49C1CFE4CCF00293A51 /* ResourcesDefinitions.hpp */ = {isa = PBXFileReference; lastKnownFileType = sourcecode.cpp.h; path = ResourcesDefinitions.hpp; sourceTree = "<group>"; };
		9C8FD49D1CFE4F1400293A51 /* ResourceManagerImpl.hpp */ = {isa = PBXFileReference; lastKnownFileType = sourcecode.cpp.h; path = ResourceManagerImpl.hpp; sourceTree = "<group>"; };
		9C8FD49E1CFF389200293A51 /* FSMTests.cpp */ = {isa = PBXFileReference; fileEncoding = 4; lastKnownFileType = sourcecode.cpp.cpp; path = FSMTests.cpp; sourceTree = "<group>"; };
		9C8FD4A51CFF3EFF00293A51 /* FSM.hpp */ = {isa = PBXFileReference; fileEncoding = 4; lastKnownFileType = sourcecode.cpp.h; path = FSM.hpp; sourceTree = "<group>"; };
		FA8B4BA21967070A00F8EB7C /* CoreMotion.framework */ = {isa = PBXFileReference; lastKnownFileType = wrapper.framework; name = CoreMotion.framework; path = System/Library/Frameworks/CoreMotion.framework; sourceTree = SDKROOT; };
		FAE0E9691BAF96A00098DFA4 /* GameController.framework */ = {isa = PBXFileReference; lastKnownFileType = wrapper.framework; name = GameController.framework; path = System/Library/Frameworks/GameController.framework; sourceTree = SDKROOT; };
		FD77A0050E26BC0500F39101 /* accelerometer.c */ = {isa = PBXFileReference; fileEncoding = 4; lastKnownFileType = sourcecode.c.c; path = accelerometer.c; sourceTree = "<group>"; };
		FD77A0080E26BC0500F39101 /* happy.c */ = {isa = PBXFileReference; fileEncoding = 4; lastKnownFileType = sourcecode.c.c; path = happy.c; sourceTree = "<group>"; };
		FD77A0090E26BC0500F39101 /* mixer.c */ = {isa = PBXFileReference; fileEncoding = 4; lastKnownFileType = sourcecode.c.c; path = mixer.c; sourceTree = "<group>"; };
		FD77A00A0E26BC0500F39101 /* main.cpp */ = {isa = PBXFileReference; fileEncoding = 4; lastKnownFileType = sourcecode.cpp.cpp; path = main.cpp; sourceTree = "<group>"; };
		FD77A00B0E26BC0500F39101 /* touch.c */ = {isa = PBXFileReference; fileEncoding = 4; lastKnownFileType = sourcecode.c.c; path = touch.c; sourceTree = "<group>"; };
		FD787AA00E22A5CC003E8E36 /* Default.png */ = {isa = PBXFileReference; lastKnownFileType = image.png; path = Default.png; sourceTree = "<group>"; };
		FD925B180E0F276600E92347 /* Icon.png */ = {isa = PBXFileReference; lastKnownFileType = image.png; path = Icon.png; sourceTree = "<group>"; };
		FDB652110E43D21A00F688B5 /* keyboard.c */ = {isa = PBXFileReference; fileEncoding = 4; lastKnownFileType = sourcecode.c.c; path = keyboard.c; sourceTree = "<group>"; };
		FDB96ED30DEFC9C700FAF19F /* OpenGLES.framework */ = {isa = PBXFileReference; lastKnownFileType = wrapper.framework; name = OpenGLES.framework; path = System/Library/Frameworks/OpenGLES.framework; sourceTree = SDKROOT; };
		FDB96EDF0DEFC9DC00FAF19F /* QuartzCore.framework */ = {isa = PBXFileReference; lastKnownFileType = wrapper.framework; name = QuartzCore.framework; path = System/Library/Frameworks/QuartzCore.framework; sourceTree = SDKROOT; };
		FDC52EE40E284410008D768C /* fireworks.c */ = {isa = PBXFileReference; fileEncoding = 4; lastKnownFileType = sourcecode.c.c; path = fireworks.c; sourceTree = "<group>"; };
		FDF0D71D0E12D2AB00247964 /* CoreAudio.framework */ = {isa = PBXFileReference; lastKnownFileType = wrapper.framework; name = CoreAudio.framework; path = System/Library/Frameworks/CoreAudio.framework; sourceTree = SDKROOT; };
		FDF0D7220E12D31800247964 /* AudioToolbox.framework */ = {isa = PBXFileReference; lastKnownFileType = wrapper.framework; name = AudioToolbox.framework; path = System/Library/Frameworks/AudioToolbox.framework; sourceTree = SDKROOT; };
/* End PBXFileReference section */

/* Begin PBXFrameworksBuildPhase section */
		1D60588F0D05DD3D006BFB54 /* Frameworks */ = {
			isa = PBXFrameworksBuildPhase;
			buildActionMask = 2147483647;
			files = (
				9C1808611CF70C5700C19900 /* libSDL2_image.a in Frameworks */,
				9C1808601CF70C2B00C19900 /* libSDL2.a in Frameworks */,
				9C75CCB41CF5039B00114CA9 /* MobileCoreServices.framework in Frameworks */,
				9C75CCB21CF5033F00114CA9 /* ImageIO.framework in Frameworks */,
				FAE0E96A1BAF96A00098DFA4 /* GameController.framework in Frameworks */,
				FA8B4BA31967070A00F8EB7C /* CoreMotion.framework in Frameworks */,
				FDF0D7AB0E12D53800247964 /* CoreAudio.framework in Frameworks */,
				FDF0D7AC0E12D53800247964 /* AudioToolbox.framework in Frameworks */,
				1D60589F0D05DD5A006BFB54 /* Foundation.framework in Frameworks */,
				1DF5F4E00D08C38300B7A737 /* UIKit.framework in Frameworks */,
				1D3623EC0D0F72F000981E51 /* CoreGraphics.framework in Frameworks */,
				FDB96ED40DEFC9C700FAF19F /* OpenGLES.framework in Frameworks */,
				FDB96EE00DEFC9DC00FAF19F /* QuartzCore.framework in Frameworks */,
			);
			runOnlyForDeploymentPostprocessing = 0;
		};
		9C47A2EA1CF6DA9800885640 /* Frameworks */ = {
			isa = PBXFrameworksBuildPhase;
			buildActionMask = 2147483647;
			files = (
			);
			runOnlyForDeploymentPostprocessing = 0;
		};
/* End PBXFrameworksBuildPhase section */

/* Begin PBXGroup section */
		19C28FACFE9D520D11CA2CBB /* Products */ = {
			isa = PBXGroup;
			children = (
				1D6058910D05DD3D006BFB54 /* Columns.app */,
				9C47A2ED1CF6DA9800885640 /* columns.tests */,
			);
			name = Products;
			sourceTree = "<group>";
		};
		29B97314FDCFA39411CA2CEA /* CustomTemplate */ = {
			isa = PBXGroup;
			children = (
				9C75CCAB1CF4BDF300114CA9 /* MainStoryboard.storyboard */,
				FD77A0040E26BC0500F39101 /* src */,
				29B97317FDCFA39411CA2CEA /* Resources */,
				9C47A2EE1CF6DA9800885640 /* columns.tests */,
				29B97323FDCFA39411CA2CEA /* Frameworks */,
				19C28FACFE9D520D11CA2CBB /* Products */,
				9C8A39871CF7B76A00C2E236 /* guids.txt */,
			);
			name = CustomTemplate;
			sourceTree = "<group>";
		};
		29B97317FDCFA39411CA2CEA /* Resources */ = {
			isa = PBXGroup;
			children = (
				9C47A2DA1CF50A7700885640 /* Sprites */,
				FD787AA00E22A5CC003E8E36 /* Default.png */,
				FD925B180E0F276600E92347 /* Icon.png */,
				8D1107310486CEB800E47090 /* Info.plist */,
			);
			name = Resources;
			sourceTree = "<group>";
		};
		29B97323FDCFA39411CA2CEA /* Frameworks */ = {
			isa = PBXGroup;
			children = (
				9C18085C1CF70B9900C19900 /* libSDL2.a */,
				9C18085D1CF70B9900C19900 /* libSDL2_image.a */,
				9C75CCB31CF5039B00114CA9 /* MobileCoreServices.framework */,
				9C75CCB11CF5033F00114CA9 /* ImageIO.framework */,
				9C75CCAF1CF5028900114CA9 /* libSDL2_image.a */,
				9C75CCA61CF34BC500114CA9 /* libSDL2.a */,
				FAE0E9691BAF96A00098DFA4 /* GameController.framework */,
				FA8B4BA21967070A00F8EB7C /* CoreMotion.framework */,
				FDF0D7220E12D31800247964 /* AudioToolbox.framework */,
				FDB96EDF0DEFC9DC00FAF19F /* QuartzCore.framework */,
				FDB96ED30DEFC9C700FAF19F /* OpenGLES.framework */,
				1D3623EB0D0F72F000981E51 /* CoreGraphics.framework */,
				1DF5F4DF0D08C38300B7A737 /* UIKit.framework */,
				1D30AB110D05D00D00671497 /* Foundation.framework */,
				FDF0D71D0E12D2AB00247964 /* CoreAudio.framework */,
			);
			name = Frameworks;
			sourceTree = "<group>";
		};
		9C02B8201CF7B39400B01905 /* EventQueue */ = {
			isa = PBXGroup;
			children = (
				9C02B8211CF7B39400B01905 /* EventListenerDelegate.cpp */,
				9C02B8221CF7B39400B01905 /* EventListenerDelegate.hpp */,
				9C02B8231CF7B39400B01905 /* EventQueue.cpp */,
				9C02B8241CF7B39400B01905 /* EventQueue.hpp */,
				9C02B8251CF7B39400B01905 /* EventQueueTypes.hpp */,
				9C02B8261CF7B39400B01905 /* IEventData.hpp */,
			);
			path = EventQueue;
			sourceTree = "<group>";
		};
		9C2BE2FD1D0622BC00532AA8 /* Controller */ = {
			isa = PBXGroup;
			children = (
				9C2BE2FE1D0622BC00532AA8 /* ColumnsGameController.cpp */,
				9C2BE2FF1D0622BC00532AA8 /* ColumnsGameController.hpp */,
				9C2BE3011D06230F00532AA8 /* ColumnsGameStates.cpp */,
				9C2BE3021D06230F00532AA8 /* ColumnsGameStates.hpp */,
				9C2BE3041D06258E00532AA8 /* ColumnsGameFSMDefinitions.hpp */,
			);
			name = Controller;
			path = GameLayer/Controller;
			sourceTree = "<group>";
		};
		9C47A2E51CF5F15F00885640 /* GameLayer */ = {
			isa = PBXGroup;
			children = (
				9C2BE2FD1D0622BC00532AA8 /* Controller */,
				9C68FB0F1CF744150058369A /* Model */,
				9C68FB141CF744150058369A /* View */,
			);
			name = GameLayer;
			sourceTree = "<group>";
		};
		9C47A2EE1CF6DA9800885640 /* columns.tests */ = {
			isa = PBXGroup;
			children = (
				9C47A2F71CF6DB7800885640 /* catch.hpp */,
				9C47A2EF1CF6DA9800885640 /* BoardTests.cpp */,
				9C8A398B1CF8833D00C2E236 /* ColumnsBoardTest.cpp */,
				9C47A2FA1CF6DC0100885640 /* main.cpp */,
				9C8FD49E1CFF389200293A51 /* FSMTests.cpp */,
			);
			path = columns.tests;
			sourceTree = "<group>";
		};
		9C68FB0F1CF744150058369A /* Model */ = {
			isa = PBXGroup;
			children = (
				9C68FB101CF744150058369A /* GenericBoard.cpp */,
				9C68FB111CF744150058369A /* GenericBoard.hpp */,
				9C68FB121CF744150058369A /* ColumnsBoard.cpp */,
				9C68FB131CF744150058369A /* ColumnsBoard.hpp */,
				9C0EDA521D018B51007BC4C7 /* PlayerBlock.hpp */,
			);
			name = Model;
			path = GameLayer/Logic;
			sourceTree = "<group>";
		};
		9C68FB141CF744150058369A /* View */ = {
			isa = PBXGroup;
			children = (
				9C68FB171CF744680058369A /* ColumnsBoardView.cpp */,
				9C68FB181CF744680058369A /* ColumnsBoardView.hpp */,
			);
			name = View;
			path = GameLayer/View;
			sourceTree = "<group>";
		};
		9C75CCB51CF506F300114CA9 /* ios */ = {
			isa = PBXGroup;
			children = (
				9C75CCB91CF5080A00114CA9 /* helpers.h */,
				9C75CCBA1CF5080A00114CA9 /* helpers.mm */,
			);
			path = ios;
			sourceTree = "<group>";
		};
		9C8A39781CF7B63B00C2E236 /* Video */ = {
			isa = PBXGroup;
			children = (
				9C8A39791CF7B63B00C2E236 /* Graphics.cpp */,
				9C8A397A1CF7B63B00C2E236 /* Graphics.hpp */,
				9C8A397B1CF7B63B00C2E236 /* Renderer.cpp */,
				9C8A397C1CF7B63B00C2E236 /* Renderer.hpp */,
				9C8A397D1CF7B63B00C2E236 /* Texture2d.cpp */,
				9C8A397E1CF7B63B00C2E236 /* Texture2d.hpp */,
			);
			path = Video;
			sourceTree = "<group>";
		};
		9C8A39821CF7B64F00C2E236 /* Events */ = {
			isa = PBXGroup;
			children = (
				9C8A39861CF7B66F00C2E236 /* AppEvents.hpp */,
				9C8A39831CF7B64F00C2E236 /* EventsManager.cpp */,
				9C8A39841CF7B64F00C2E236 /* EventsManager.hpp */,
				9C8A39891CF7B7EC00C2E236 /* AppEvents.cpp */,
			);
			path = Events;
			sourceTree = "<group>";
		};
		9C8FD48B1CFE06A500293A51 /* Resources */ = {
			isa = PBXGroup;
			children = (
				9C8FD4951CFE38C000293A51 /* ResourceLoaders */,
				9C8FD48D1CFE06B100293A51 /* Resource.hpp */,
				9C8FD48F1CFE0F3B00293A51 /* ResourceManager.cpp */,
				9C8FD4901CFE0F3B00293A51 /* ResourceManager.hpp */,
				9C8FD49D1CFE4F1400293A51 /* ResourceManagerImpl.hpp */,
				9C8FD4931CFE212100293A51 /* ResourceId.hpp */,
				9C8FD49C1CFE4CCF00293A51 /* ResourcesDefinitions.hpp */,
			);
			path = Resources;
			sourceTree = "<group>";
		};
		9C8FD4951CFE38C000293A51 /* ResourceLoaders */ = {
			isa = PBXGroup;
			children = (
				9C8FD49B1CFE436300293A51 /* ResourceLoaderInterfaces.hpp */,
				9C8FD4981CFE38E800293A51 /* SDLResourceLoaders.hpp */,
			);
			path = ResourceLoaders;
			sourceTree = "<group>";
		};
		9C8FD4A01CFF3E5700293A51 /* FSM */ = {
			isa = PBXGroup;
			children = (
				9C8FD4A51CFF3EFF00293A51 /* FSM.hpp */,
			);
			path = FSM;
			sourceTree = "<group>";
		};
		9CF4C8A21CF22FBB000151ED /* AppLayer */ = {
			isa = PBXGroup;
			children = (
				9C8FD4A01CFF3E5700293A51 /* FSM */,
				9C8FD48B1CFE06A500293A51 /* Resources */,
				9C8A39821CF7B64F00C2E236 /* Events */,
				9C8A39781CF7B63B00C2E236 /* Video */,
				9C02B8201CF7B39400B01905 /* EventQueue */,
				9C75CCB51CF506F300114CA9 /* ios */,
				9C47A2E31CF5A3A300885640 /* DataTypes.hpp */,
				9C68FB1A1CF7A3B40058369A /* App.cpp */,
				9C68FB1B1CF7A3B40058369A /* App.hpp */,
				9C8FD4891CFCF19F00293A51 /* crc32.hpp */,
				9C2BE2FA1D04703000532AA8 /* RandomDistribution.cpp */,
				9C2BE2FB1D04703000532AA8 /* RandomDistribution.hpp */,
			);
			path = AppLayer;
			sourceTree = "<group>";
		};
		FD77A0040E26BC0500F39101 /* src */ = {
			isa = PBXGroup;
			children = (
				9C47A2E51CF5F15F00885640 /* GameLayer */,
				9CF4C8A21CF22FBB000151ED /* AppLayer */,
				FD77A00A0E26BC0500F39101 /* main.cpp */,
				FD77A0080E26BC0500F39101 /* happy.c */,
				FD77A0050E26BC0500F39101 /* accelerometer.c */,
				FD77A00B0E26BC0500F39101 /* touch.c */,
				FD77A0090E26BC0500F39101 /* mixer.c */,
				FDB652110E43D21A00F688B5 /* keyboard.c */,
				FDC52EE40E284410008D768C /* fireworks.c */,
			);
			path = src;
			sourceTree = "<group>";
		};
/* End PBXGroup section */

/* Begin PBXNativeTarget section */
		1D6058900D05DD3D006BFB54 /* Columns */ = {
			isa = PBXNativeTarget;
			buildConfigurationList = 1D6058960D05DD3E006BFB54 /* Build configuration list for PBXNativeTarget "Columns" */;
			buildPhases = (
				1D60588D0D05DD3D006BFB54 /* Resources */,
				1D60588E0D05DD3D006BFB54 /* Sources */,
				1D60588F0D05DD3D006BFB54 /* Frameworks */,
			);
			buildRules = (
			);
			dependencies = (
			);
			name = Columns;
			productName = SDLiPodTest;
			productReference = 1D6058910D05DD3D006BFB54 /* Columns.app */;
			productType = "com.apple.product-type.application";
		};
		9C47A2EC1CF6DA9800885640 /* columns.tests */ = {
			isa = PBXNativeTarget;
			buildConfigurationList = 9C47A2F11CF6DA9800885640 /* Build configuration list for PBXNativeTarget "columns.tests" */;
			buildPhases = (
				9C47A2E91CF6DA9800885640 /* Sources */,
				9C47A2EA1CF6DA9800885640 /* Frameworks */,
				9C47A2EB1CF6DA9800885640 /* CopyFiles */,
			);
			buildRules = (
			);
			dependencies = (
			);
			name = columns.tests;
			productName = columns.tests;
			productReference = 9C47A2ED1CF6DA9800885640 /* columns.tests */;
			productType = "com.apple.product-type.tool";
		};
/* End PBXNativeTarget section */

/* Begin PBXProject section */
		29B97313FDCFA39411CA2CEA /* Project object */ = {
			isa = PBXProject;
			attributes = {
				LastUpgradeCheck = 0730;
				TargetAttributes = {
					1D6058900D05DD3D006BFB54 = {
						DevelopmentTeam = 825KR2FF38;
					};
					9C47A2EC1CF6DA9800885640 = {
						CreatedOnToolsVersion = 7.3.1;
					};
				};
			};
			buildConfigurationList = C01FCF4E08A954540054247B /* Build configuration list for PBXProject "Columns" */;
			compatibilityVersion = "Xcode 6.3";
			developmentRegion = English;
			hasScannedForEncodings = 1;
			knownRegions = (
				English,
				Japanese,
				French,
				German,
			);
			mainGroup = 29B97314FDCFA39411CA2CEA /* CustomTemplate */;
			projectDirPath = "";
			projectRoot = "";
			targets = (
				1D6058900D05DD3D006BFB54 /* Columns */,
				9C47A2EC1CF6DA9800885640 /* columns.tests */,
			);
		};
/* End PBXProject section */

/* Begin PBXResourcesBuildPhase section */
		1D60588D0D05DD3D006BFB54 /* Resources */ = {
			isa = PBXResourcesBuildPhase;
			buildActionMask = 2147483647;
			files = (
				9C75CCAC1CF4BDF300114CA9 /* MainStoryboard.storyboard in Resources */,
				9C47A2DB1CF50A7700885640 /* Sprites in Resources */,
				FD925B1B0E0F276600E92347 /* Icon.png in Resources */,
				FD787AA20E22A5CC003E8E36 /* Default.png in Resources */,
				9C8A39881CF7B76A00C2E236 /* guids.txt in Resources */,
			);
			runOnlyForDeploymentPostprocessing = 0;
		};
/* End PBXResourcesBuildPhase section */

/* Begin PBXSourcesBuildPhase section */
		1D60588E0D05DD3D006BFB54 /* Sources */ = {
			isa = PBXSourcesBuildPhase;
			buildActionMask = 2147483647;
			files = (
				FD77A0160E26BC0500F39101 /* main.cpp in Sources */,
				9C68FB1C1CF7A3B40058369A /* App.cpp in Sources */,
				9C8A39951CFC528E00C2E236 /* GenericBoard.cpp in Sources */,
				9C8A398A1CF7BC6600C2E236 /* AppEvents.cpp in Sources */,
				9C68FB161CF744150058369A /* ColumnsBoard.cpp in Sources */,
				9C68FB191CF744680058369A /* ColumnsBoardView.cpp in Sources */,
				9C02B8271CF7B39400B01905 /* EventListenerDelegate.cpp in Sources */,
				9C8A39851CF7B64F00C2E236 /* EventsManager.cpp in Sources */,
				9C02B8281CF7B39400B01905 /* EventQueue.cpp in Sources */,
				9C2BE3001D0622BC00532AA8 /* ColumnsGameController.cpp in Sources */,
				9C8A397F1CF7B63B00C2E236 /* Graphics.cpp in Sources */,
				9C2BE3031D06230F00532AA8 /* ColumnsGameStates.cpp in Sources */,
				9C75CCBB1CF5080A00114CA9 /* helpers.mm in Sources */,
				9C8A39801CF7B63B00C2E236 /* Renderer.cpp in Sources */,
				9C2BE2FC1D04703000532AA8 /* RandomDistribution.cpp in Sources */,
				9C8FD4911CFE0F3B00293A51 /* ResourceManager.cpp in Sources */,
				9C8A39811CF7B63B00C2E236 /* Texture2d.cpp in Sources */,
			);
			runOnlyForDeploymentPostprocessing = 0;
		};
		9C47A2E91CF6DA9800885640 /* Sources */ = {
			isa = PBXSourcesBuildPhase;
			buildActionMask = 2147483647;
			files = (
				9C8A39941CF88A6600C2E236 /* ColumnsBoard.cpp in Sources */,
				9C8A39931CF88A5D00C2E236 /* GenericBoard.cpp in Sources */,
				9C8FD49F1CFF389200293A51 /* FSMTests.cpp in Sources */,
				9C47A2FB1CF6DC0100885640 /* main.cpp in Sources */,
				9C8A398C1CF8833D00C2E236 /* ColumnsBoardTest.cpp in Sources */,
				9C47A2F01CF6DA9800885640 /* BoardTests.cpp in Sources */,
			);
			runOnlyForDeploymentPostprocessing = 0;
		};
/* End PBXSourcesBuildPhase section */

/* Begin XCBuildConfiguration section */
		1D6058940D05DD3E006BFB54 /* Debug */ = {
			isa = XCBuildConfiguration;
			buildSettings = {
				"ARCHS[sdk=iphonesimulator*]" = i386;
				"ARCHS[sdk=macosx10.11]" = i386;
				CLANG_CXX_LANGUAGE_STANDARD = "c++0x";
				CLANG_CXX_LIBRARY = "libc++";
				CODE_SIGN_IDENTITY = "iPhone Developer";
				"CODE_SIGN_IDENTITY[sdk=iphoneos*]" = "iPhone Developer";
				COPY_PHASE_STRIP = NO;
				GCC_C_LANGUAGE_STANDARD = "compiler-default";
				GCC_ENABLE_CPP_EXCEPTIONS = NO;
				GCC_ENABLE_CPP_RTTI = NO;
				GENERATE_PROFILING_CODE = YES;
				HEADER_SEARCH_PATHS = (
					libs/SDL/include,
					libs/SDL_Image/include,
				);
				INFOPLIST_FILE = Info.plist;
				IPHONEOS_DEPLOYMENT_TARGET = 6.0;
				LIBRARY_SEARCH_PATHS = (
					"$(inherited)",
					"$(PROJECT_DIR)/libs/SDL",
					"$(PROJECT_DIR)/libs/SDL_Image",
				);
				"LIBRARY_SEARCH_PATHS[sdk=iphonesimulator*]" = (
					"$(PROJECT_DIR)/libs/SDL/simulator",
					"$(PROJECT_DIR)/libs/SDL_Image/simulator",
				);
				PRODUCT_BUNDLE_IDENTIFIER = com.develovers.Columns;
				PRODUCT_NAME = Columns;
				PROVISIONING_PROFILE = "";
			};
			name = Debug;
		};
		1D6058950D05DD3E006BFB54 /* Release */ = {
			isa = XCBuildConfiguration;
			buildSettings = {
				CLANG_CXX_LANGUAGE_STANDARD = "c++0x";
				CLANG_CXX_LIBRARY = "libc++";
				CODE_SIGN_IDENTITY = "iPhone Developer";
				"CODE_SIGN_IDENTITY[sdk=iphoneos*]" = "iPhone Developer";
				GCC_C_LANGUAGE_STANDARD = "compiler-default";
				GCC_ENABLE_CPP_EXCEPTIONS = NO;
				GCC_ENABLE_CPP_RTTI = NO;
				GENERATE_PROFILING_CODE = NO;
				HEADER_SEARCH_PATHS = (
					libs/SDL/include,
					libs/SDL_Image/include,
				);
				INFOPLIST_FILE = Info.plist;
				IPHONEOS_DEPLOYMENT_TARGET = 6.0;
				LIBRARY_SEARCH_PATHS = (
					"$(inherited)",
					"$(PROJECT_DIR)/libs/SDL",
					"$(PROJECT_DIR)/libs/SDL_Image",
				);
				PRODUCT_BUNDLE_IDENTIFIER = com.develovers.Columns;
				PRODUCT_NAME = Columns;
				PROVISIONING_PROFILE = "";
			};
			name = Release;
		};
		9C47A2F21CF6DA9800885640 /* Debug */ = {
			isa = XCBuildConfiguration;
			buildSettings = {
				ALWAYS_SEARCH_USER_PATHS = NO;
				ARCHS = "$(ARCHS_STANDARD)";
				CLANG_ANALYZER_NONNULL = YES;
				CLANG_CXX_LANGUAGE_STANDARD = "gnu++0x";
				CLANG_ENABLE_MODULES = YES;
				CLANG_ENABLE_OBJC_ARC = YES;
				CLANG_WARN_BOOL_CONVERSION = YES;
				CLANG_WARN_CONSTANT_CONVERSION = YES;
				CLANG_WARN_DIRECT_OBJC_ISA_USAGE = YES_ERROR;
				CLANG_WARN_EMPTY_BODY = YES;
				CLANG_WARN_ENUM_CONVERSION = YES;
				CLANG_WARN_INT_CONVERSION = YES;
				CLANG_WARN_OBJC_ROOT_CLASS = YES_ERROR;
				CLANG_WARN_UNREACHABLE_CODE = YES;
				CLANG_WARN__DUPLICATE_METHOD_MATCH = YES;
				CODE_SIGN_IDENTITY = "-";
				COPY_PHASE_STRIP = NO;
				DEBUG_INFORMATION_FORMAT = dwarf;
				ENABLE_STRICT_OBJC_MSGSEND = YES;
				GCC_C_LANGUAGE_STANDARD = gnu99;
				GCC_DYNAMIC_NO_PIC = NO;
				GCC_NO_COMMON_BLOCKS = YES;
				GCC_PREPROCESSOR_DEFINITIONS = (
					"DEBUG=1",
					"$(inherited)",
				);
				GCC_WARN_64_TO_32_BIT_CONVERSION = YES;
				GCC_WARN_ABOUT_RETURN_TYPE = YES_ERROR;
				GCC_WARN_UNDECLARED_SELECTOR = YES;
				GCC_WARN_UNINITIALIZED_AUTOS = YES_AGGRESSIVE;
				GCC_WARN_UNUSED_FUNCTION = YES;
				GCC_WARN_UNUSED_VARIABLE = YES;
				MACOSX_DEPLOYMENT_TARGET = 10.11;
				MTL_ENABLE_DEBUG_INFO = YES;
				PRODUCT_NAME = "$(TARGET_NAME)";
				SDKROOT = macosx;
			};
			name = Debug;
		};
		9C47A2F31CF6DA9800885640 /* Release */ = {
			isa = XCBuildConfiguration;
			buildSettings = {
				ALWAYS_SEARCH_USER_PATHS = NO;
				ARCHS = "$(ARCHS_STANDARD)";
				CLANG_ANALYZER_NONNULL = YES;
				CLANG_CXX_LANGUAGE_STANDARD = "gnu++0x";
				CLANG_ENABLE_MODULES = YES;
				CLANG_ENABLE_OBJC_ARC = YES;
				CLANG_WARN_BOOL_CONVERSION = YES;
				CLANG_WARN_CONSTANT_CONVERSION = YES;
				CLANG_WARN_DIRECT_OBJC_ISA_USAGE = YES_ERROR;
				CLANG_WARN_EMPTY_BODY = YES;
				CLANG_WARN_ENUM_CONVERSION = YES;
				CLANG_WARN_INT_CONVERSION = YES;
				CLANG_WARN_OBJC_ROOT_CLASS = YES_ERROR;
				CLANG_WARN_UNREACHABLE_CODE = YES;
				CLANG_WARN__DUPLICATE_METHOD_MATCH = YES;
				CODE_SIGN_IDENTITY = "-";
				COPY_PHASE_STRIP = NO;
				DEBUG_INFORMATION_FORMAT = "dwarf-with-dsym";
				ENABLE_NS_ASSERTIONS = NO;
				ENABLE_STRICT_OBJC_MSGSEND = YES;
				GCC_C_LANGUAGE_STANDARD = gnu99;
				GCC_NO_COMMON_BLOCKS = YES;
				GCC_WARN_64_TO_32_BIT_CONVERSION = YES;
				GCC_WARN_ABOUT_RETURN_TYPE = YES_ERROR;
				GCC_WARN_UNDECLARED_SELECTOR = YES;
				GCC_WARN_UNINITIALIZED_AUTOS = YES_AGGRESSIVE;
				GCC_WARN_UNUSED_FUNCTION = YES;
				GCC_WARN_UNUSED_VARIABLE = YES;
				MACOSX_DEPLOYMENT_TARGET = 10.11;
				MTL_ENABLE_DEBUG_INFO = NO;
				PRODUCT_NAME = "$(TARGET_NAME)";
				SDKROOT = macosx;
			};
			name = Release;
		};
		C01FCF4F08A954540054247B /* Debug */ = {
			isa = XCBuildConfiguration;
			buildSettings = {
				CLANG_CXX_LANGUAGE_STANDARD = "c++0x";
				CLANG_CXX_LIBRARY = "libc++";
				"CODE_SIGN_IDENTITY[sdk=iphoneos*]" = "iPhone Developer";
				ENABLE_TESTABILITY = YES;
				GCC_OPTIMIZATION_LEVEL = 0;
				HEADER_SEARCH_PATHS = "";
				ONLY_ACTIVE_ARCH = NO;
				PRELINK_LIBS = "";
				SDKROOT = iphoneos;
				TARGETED_DEVICE_FAMILY = "1,2";
			};
			name = Debug;
		};
		C01FCF5008A954540054247B /* Release */ = {
			isa = XCBuildConfiguration;
			buildSettings = {
				CLANG_CXX_LANGUAGE_STANDARD = "c++0x";
				CLANG_CXX_LIBRARY = "libc++";
				"CODE_SIGN_IDENTITY[sdk=iphoneos*]" = "iPhone Developer";
				HEADER_SEARCH_PATHS = "";
				PRELINK_LIBS = "";
				SDKROOT = iphoneos;
				TARGETED_DEVICE_FAMILY = "1,2";
			};
			name = Release;
		};
/* End XCBuildConfiguration section */

/* Begin XCConfigurationList section */
		1D6058960D05DD3E006BFB54 /* Build configuration list for PBXNativeTarget "Columns" */ = {
			isa = XCConfigurationList;
			buildConfigurations = (
				1D6058940D05DD3E006BFB54 /* Debug */,
				1D6058950D05DD3E006BFB54 /* Release */,
			);
			defaultConfigurationIsVisible = 0;
			defaultConfigurationName = Release;
		};
		9C47A2F11CF6DA9800885640 /* Build configuration list for PBXNativeTarget "columns.tests" */ = {
			isa = XCConfigurationList;
			buildConfigurations = (
				9C47A2F21CF6DA9800885640 /* Debug */,
				9C47A2F31CF6DA9800885640 /* Release */,
			);
			defaultConfigurationIsVisible = 0;
			defaultConfigurationName = Release;
		};
		C01FCF4E08A954540054247B /* Build configuration list for PBXProject "Columns" */ = {
			isa = XCConfigurationList;
			buildConfigurations = (
				C01FCF4F08A954540054247B /* Debug */,
				C01FCF5008A954540054247B /* Release */,
			);
			defaultConfigurationIsVisible = 0;
			defaultConfigurationName = Release;
		};
/* End XCConfigurationList section */
	};
	rootObject = 29B97313FDCFA39411CA2CEA /* Project object */;
}
